
Microsoft Visual Studio Solution File, Format Version 12.00
# Visual Studio Version 17
VisualStudioVersion = 17.10.34916.146
MinimumVisualStudioVersion = 10.0.40219.1
Project("{FAE04EC0-301F-11D3-BF4B-00C04F79EFBC}") = "CodeHorizon.Web", "CodeHorizon.Web\CodeHorizon.Web.csproj", "{382F124F-8A36-44EC-BF23-BFFA968BCA5C}"
EndProject
Global
	GlobalSection(SolutionConfigurationPlatforms) = preSolution
		Debug|Any CPU = Debug|Any CPU
		Release|Any CPU = Release|Any CPU
	EndGlobalSection
	GlobalSection(ProjectConfigurationPlatforms) = postSolution
		{382F124F-8A36-44EC-BF23-BFFA968BCA5C}.Debug|Any CPU.ActiveCfg = Debug|Any CPU
		{382F124F-8A36-44EC-BF23-BFFA968BCA5C}.Debug|Any CPU.Build.0 = Debug|Any CPU
		{382F124F-8A36-44EC-BF23-BFFA968BCA5C}.Release|Any CPU.ActiveCfg = Release|Any CPU
		{382F124F-8A36-44EC-BF23-BFFA968BCA5C}.Release|Any CPU.Build.0 = Release|Any CPU
	EndGlobalSection
	GlobalSection(SolutionProperties) = preSolution
		HideSolutionNode = FALSE
	EndGlobalSection
	GlobalSection(ExtensibilityGlobals) = postSolution
		SolutionGuid = {366F266F-D85D-4420-A6A2-684F576A1472}
	EndGlobalSection
EndGlobal
